{
  "version": 4,
  "terraform_version": "1.3.3",
  "serial": 102,
  "lineage": "b707a0cc-1062-f8c6-83e6-a6ccc3a93b21",
  "outputs": {},
  "resources": [
    {
      "mode": "data",
      "type": "template_file",
      "name": "linux-vm",
      "provider": "provider[\"registry.terraform.io/hashicorp/template\"]",
      "instances": [
        {
          "schema_version": 0,
          "attributes": {
            "filename": null,
            "id": "fc972d70e159040092803e369d49bea6972c33ce721803178f305d38cde284a6",
            "rendered": "#!/bin/bash\nsudo apt update\nsudo apt install -y git\nsudo git clone https://github.com/espineldago/TF_SOD.git\ncd TF_SOD\nsudo apt install -y docker.io\nsudo docker build -t sod .\nsudo docker run -d -p 80:80 sod",
            "template": "#!/bin/bash\nsudo apt update\nsudo apt install -y git\nsudo git clone https://github.com/espineldago/TF_SOD.git\ncd TF_SOD\nsudo apt install -y docker.io\nsudo docker build -t sod .\nsudo docker run -d -p 80:80 sod",
            "vars": null
          },
          "sensitive_attributes": []
        }
      ]
    },
    {
      "mode": "managed",
      "type": "azurerm_linux_virtual_machine",
      "name": "vm",
      "provider": "provider[\"registry.terraform.io/hashicorp/azurerm\"]",
      "instances": [
        {
          "schema_version": 0,
          "attributes": {
            "additional_capabilities": [],
            "admin_password": null,
            "admin_ssh_key": [
              {
                "public_key": "ssh-rsa AAAAB3NzaC1yc2EAAAADAQABAAACAQC8x9pv+rvGTEGVOzDNSquTLyol9bsoll+tPXmApyM7HLIVVRRRfIKFZRS0YE7dDNZVsIq8qU5JADySeAtM+AEfIgK/Zph5sOMnq9Fojg6EWIHMMPfUWObZ89tSZ8r1Dzo2YjoPQsxfX4w1lvLtIhAUQzev9+YhguYI3dQsYql530hr+wQU2Mx+tq8Qu8RVKsjnwwesNQxTkZocX45jVWH2cYRUjtGpa73FmFrqkmdFc3kinGuIAolKvAYU+Lcm2XYhYzVBsbRoX97pc7gp/HSugryuwZe+Q65FZMHzgDPAK5ctw9bGTLj/f84kdP2zo4Op3Hm2Cj7z0wvgdyAgsa0RWnSWG/NLvK4TJ0+BaYgymgFa/Z4sEQQIDvLp/ACWB9cz6lHcWc3NNI+tY9XUbVrP0g5DMaDDE8M55l2XP5g8v87OawWirnu+0voiYuZvYVqChY+2KcJ0RDuyqdU0DCE5nwiRnlTAOX15DKc/AoNsJtEEa5oGQu67sIDAgspduUtWDkIpwrh3/tB8QHLcV0DAfc4MNChy6Abeu2EVFRdVayB3/0efrRegP536zqoLb23lpfX+tJfwiXBZGMuOMqk82plgZlPgYsKcsYaUivd5xZiSxqNFMQnbpm6Zs1vroihxPH7qPda+9sl5JSLwQBovyADs07FdYzLbbxr6+WPkxw==\n",
                "username": "adminuser"
              }
            ],
            "admin_username": "adminuser",
            "allow_extension_operations": true,
            "availability_set_id": "",
            "boot_diagnostics": [],
            "computer_name": "vm",
            "custom_data": "IyEvYmluL2Jhc2gKc3VkbyBhcHQgdXBkYXRlCnN1ZG8gYXB0IGluc3RhbGwgLXkgZ2l0CnN1ZG8gZ2l0IGNsb25lIGh0dHBzOi8vZ2l0aHViLmNvbS9lc3BpbmVsZGFnby9URl9TT0QuZ2l0CmNkIFRGX1NPRApzdWRvIGFwdCBpbnN0YWxsIC15IGRvY2tlci5pbwpzdWRvIGRvY2tlciBidWlsZCAtdCBzb2QgLgpzdWRvIGRvY2tlciBydW4gLWQgLXAgODA6ODAgc29k",
            "dedicated_host_group_id": "",
            "dedicated_host_id": "",
            "disable_password_authentication": true,
            "edge_zone": "",
            "encryption_at_host_enabled": false,
            "eviction_policy": "",
            "extensions_time_budget": "PT1H30M",
            "id": "/subscriptions/b1fe317d-0a8e-4812-845a-c87864f076c5/resourceGroups/resource_group/providers/Microsoft.Compute/virtualMachines/vm",
            "identity": [],
            "license_type": "",
            "location": "eastus",
            "max_bid_price": -1,
            "name": "vm",
            "network_interface_ids": [
              "/subscriptions/b1fe317d-0a8e-4812-845a-c87864f076c5/resourceGroups/resource_group/providers/Microsoft.Network/networkInterfaces/nic"
            ],
            "os_disk": [
              {
                "caching": "ReadWrite",
                "diff_disk_settings": [],
                "disk_encryption_set_id": "",
                "disk_size_gb": 30,
                "name": "vm_OsDisk_1_46f5f4f609514b26b241d6ef99669d5f",
                "storage_account_type": "Standard_LRS",
                "write_accelerator_enabled": false
              }
            ],
            "patch_mode": "ImageDefault",
            "plan": [],
            "platform_fault_domain": -1,
            "priority": "Regular",
            "private_ip_address": "10.0.2.4",
            "private_ip_addresses": [
              "10.0.2.4"
            ],
            "provision_vm_agent": true,
            "proximity_placement_group_id": "",
            "public_ip_address": "20.124.185.193",
            "public_ip_addresses": [
              "20.124.185.193"
            ],
            "resource_group_name": "resource_group",
            "secret": [],
            "secure_boot_enabled": false,
            "size": "Standard_F2",
            "source_image_id": "",
            "source_image_reference": [
              {
                "offer": "UbuntuServer",
                "publisher": "Canonical",
                "sku": "16.04-LTS",
                "version": "latest"
              }
            ],
            "tags": null,
            "termination_notification": null,
            "timeouts": null,
            "user_data": "",
            "virtual_machine_id": "f61383d9-494e-4670-bc15-ad0e3fe07733",
            "virtual_machine_scale_set_id": "",
            "vtpm_enabled": false,
            "zone": ""
          },
          "sensitive_attributes": [],
          "private": "eyJlMmJmYjczMC1lY2FhLTExZTYtOGY4OC0zNDM2M2JjN2M0YzAiOnsiY3JlYXRlIjoyNzAwMDAwMDAwMDAwLCJkZWxldGUiOjI3MDAwMDAwMDAwMDAsInJlYWQiOjMwMDAwMDAwMDAwMCwidXBkYXRlIjoyNzAwMDAwMDAwMDAwfX0=",
          "dependencies": [
            "azurerm_network_interface.nic",
            "azurerm_public_ip.public_ip",
            "azurerm_resource_group.rg",
            "azurerm_subnet.subnet2",
            "azurerm_virtual_network.vpc",
            "data.template_file.linux-vm"
          ]
        }
      ]
    },
    {
      "mode": "managed",
      "type": "azurerm_network_interface",
      "name": "nic",
      "provider": "provider[\"registry.terraform.io/hashicorp/azurerm\"]",
      "instances": [
        {
          "schema_version": 0,
          "attributes": {
            "applied_dns_servers": [],
            "dns_servers": [],
            "edge_zone": "",
            "enable_accelerated_networking": false,
            "enable_ip_forwarding": false,
            "id": "/subscriptions/b1fe317d-0a8e-4812-845a-c87864f076c5/resourceGroups/resource_group/providers/Microsoft.Network/networkInterfaces/nic",
            "internal_dns_name_label": "",
            "internal_domain_name_suffix": "z2m3xmklyteuzfusiqkyo3u4uh.bx.internal.cloudapp.net",
            "ip_configuration": [
              {
                "gateway_load_balancer_frontend_ip_configuration_id": "",
                "name": "external",
                "primary": true,
                "private_ip_address": "10.0.2.4",
                "private_ip_address_allocation": "Dynamic",
                "private_ip_address_version": "IPv4",
                "public_ip_address_id": "/subscriptions/b1fe317d-0a8e-4812-845a-c87864f076c5/resourceGroups/resource_group/providers/Microsoft.Network/publicIPAddresses/public_ip",
                "subnet_id": "/subscriptions/b1fe317d-0a8e-4812-845a-c87864f076c5/resourceGroups/resource_group/providers/Microsoft.Network/virtualNetworks/vpc/subnets/internal"
              }
            ],
            "location": "eastus",
            "mac_address": "00-0D-3A-1F-89-BA",
            "name": "nic",
            "private_ip_address": "10.0.2.4",
            "private_ip_addresses": [
              "10.0.2.4"
            ],
            "resource_group_name": "resource_group",
            "tags": {},
            "timeouts": null,
            "virtual_machine_id": "/subscriptions/b1fe317d-0a8e-4812-845a-c87864f076c5/resourceGroups/resource_group/providers/Microsoft.Compute/virtualMachines/vm"
          },
          "sensitive_attributes": [],
          "private": "eyJlMmJmYjczMC1lY2FhLTExZTYtOGY4OC0zNDM2M2JjN2M0YzAiOnsiY3JlYXRlIjoxODAwMDAwMDAwMDAwLCJkZWxldGUiOjE4MDAwMDAwMDAwMDAsInJlYWQiOjMwMDAwMDAwMDAwMCwidXBkYXRlIjoxODAwMDAwMDAwMDAwfX0=",
          "dependencies": [
            "azurerm_public_ip.public_ip",
            "azurerm_resource_group.rg",
            "azurerm_subnet.subnet2",
            "azurerm_virtual_network.vpc"
          ]
        }
      ]
    },
    {
      "mode": "managed",
      "type": "azurerm_network_security_group",
      "name": "sg",
      "provider": "provider[\"registry.terraform.io/hashicorp/azurerm\"]",
      "instances": [
        {
          "schema_version": 0,
          "attributes": {
            "id": "/subscriptions/b1fe317d-0a8e-4812-845a-c87864f076c5/resourceGroups/resource_group/providers/Microsoft.Network/networkSecurityGroups/sg-HTTP-SSH",
            "location": "eastus",
            "name": "sg-HTTP-SSH",
            "resource_group_name": "resource_group",
            "security_rule": [
              {
                "access": "Allow",
                "description": "",
                "destination_address_prefix": "*",
                "destination_address_prefixes": [],
                "destination_application_security_group_ids": [],
                "destination_port_range": "22",
                "destination_port_ranges": [],
                "direction": "Inbound",
                "name": "allow-ssh",
                "priority": 110,
                "protocol": "Tcp",
                "source_address_prefix": "45.238.183.186/32",
                "source_address_prefixes": [],
                "source_application_security_group_ids": [],
                "source_port_range": "*",
                "source_port_ranges": []
              },
              {
                "access": "Allow",
                "description": "",
                "destination_address_prefix": "*",
                "destination_address_prefixes": [],
                "destination_application_security_group_ids": [],
                "destination_port_range": "80",
                "destination_port_ranges": [],
                "direction": "Inbound",
                "name": "allow-http",
                "priority": 100,
                "protocol": "Tcp",
                "source_address_prefix": "0.0.0.0/0",
                "source_address_prefixes": [],
                "source_application_security_group_ids": [],
                "source_port_range": "*",
                "source_port_ranges": []
              }
            ],
            "tags": {},
            "timeouts": null
          },
          "sensitive_attributes": [],
          "private": "eyJlMmJmYjczMC1lY2FhLTExZTYtOGY4OC0zNDM2M2JjN2M0YzAiOnsiY3JlYXRlIjoxODAwMDAwMDAwMDAwLCJkZWxldGUiOjE4MDAwMDAwMDAwMDAsInJlYWQiOjMwMDAwMDAwMDAwMCwidXBkYXRlIjoxODAwMDAwMDAwMDAwfX0=",
          "dependencies": [
            "azurerm_resource_group.rg"
          ]
        }
      ]
    },
    {
      "mode": "managed",
      "type": "azurerm_public_ip",
      "name": "public_ip",
      "provider": "provider[\"registry.terraform.io/hashicorp/azurerm\"]",
      "instances": [
        {
          "schema_version": 0,
          "attributes": {
            "allocation_method": "Dynamic",
            "domain_name_label": null,
            "edge_zone": "",
            "fqdn": null,
            "id": "/subscriptions/b1fe317d-0a8e-4812-845a-c87864f076c5/resourceGroups/resource_group/providers/Microsoft.Network/publicIPAddresses/public_ip",
            "idle_timeout_in_minutes": 4,
            "ip_address": "20.124.185.71",
            "ip_tags": {},
            "ip_version": "IPv4",
            "location": "eastus",
            "name": "public_ip",
            "public_ip_prefix_id": null,
            "resource_group_name": "resource_group",
            "reverse_fqdn": null,
            "sku": "Basic",
            "sku_tier": "Regional",
            "tags": {},
            "timeouts": null,
            "zones": []
          },
          "sensitive_attributes": [],
          "private": "eyJlMmJmYjczMC1lY2FhLTExZTYtOGY4OC0zNDM2M2JjN2M0YzAiOnsiY3JlYXRlIjoxODAwMDAwMDAwMDAwLCJkZWxldGUiOjE4MDAwMDAwMDAwMDAsInJlYWQiOjMwMDAwMDAwMDAwMCwidXBkYXRlIjoxODAwMDAwMDAwMDAwfX0=",
          "dependencies": [
            "azurerm_resource_group.rg"
          ]
        }
      ]
    },
    {
      "mode": "managed",
      "type": "azurerm_resource_group",
      "name": "rg",
      "provider": "provider[\"registry.terraform.io/hashicorp/azurerm\"]",
      "instances": [
        {
          "schema_version": 0,
          "attributes": {
            "id": "/subscriptions/b1fe317d-0a8e-4812-845a-c87864f076c5/resourceGroups/resource_group",
            "location": "eastus",
            "name": "resource_group",
            "tags": {},
            "timeouts": null
          },
          "sensitive_attributes": [],
          "private": "eyJlMmJmYjczMC1lY2FhLTExZTYtOGY4OC0zNDM2M2JjN2M0YzAiOnsiY3JlYXRlIjo1NDAwMDAwMDAwMDAwLCJkZWxldGUiOjU0MDAwMDAwMDAwMDAsInJlYWQiOjMwMDAwMDAwMDAwMCwidXBkYXRlIjo1NDAwMDAwMDAwMDAwfX0="
        }
      ]
    },
    {
      "mode": "managed",
      "type": "azurerm_ssh_public_key",
      "name": "key",
      "provider": "provider[\"registry.terraform.io/hashicorp/azurerm\"]",
      "instances": [
        {
          "schema_version": 0,
          "attributes": {
            "id": "/subscriptions/b1fe317d-0a8e-4812-845a-c87864f076c5/resourceGroups/resource_group/providers/Microsoft.Compute/sshPublicKeys/key",
            "location": "eastus",
            "name": "key",
            "public_key": "ssh-rsa AAAAB3NzaC1yc2EAAAADAQABAAACAQC8x9pv+rvGTEGVOzDNSquTLyol9bsoll+tPXmApyM7HLIVVRRRfIKFZRS0YE7dDNZVsIq8qU5JADySeAtM+AEfIgK/Zph5sOMnq9Fojg6EWIHMMPfUWObZ89tSZ8r1Dzo2YjoPQsxfX4w1lvLtIhAUQzev9+YhguYI3dQsYql530hr+wQU2Mx+tq8Qu8RVKsjnwwesNQxTkZocX45jVWH2cYRUjtGpa73FmFrqkmdFc3kinGuIAolKvAYU+Lcm2XYhYzVBsbRoX97pc7gp/HSugryuwZe+Q65FZMHzgDPAK5ctw9bGTLj/f84kdP2zo4Op3Hm2Cj7z0wvgdyAgsa0RWnSWG/NLvK4TJ0+BaYgymgFa/Z4sEQQIDvLp/ACWB9cz6lHcWc3NNI+tY9XUbVrP0g5DMaDDE8M55l2XP5g8v87OawWirnu+0voiYuZvYVqChY+2KcJ0RDuyqdU0DCE5nwiRnlTAOX15DKc/AoNsJtEEa5oGQu67sIDAgspduUtWDkIpwrh3/tB8QHLcV0DAfc4MNChy6Abeu2EVFRdVayB3/0efrRegP536zqoLb23lpfX+tJfwiXBZGMuOMqk82plgZlPgYsKcsYaUivd5xZiSxqNFMQnbpm6Zs1vroihxPH7qPda+9sl5JSLwQBovyADs07FdYzLbbxr6+WPkxw==\n",
            "resource_group_name": "resource_group",
            "tags": {},
            "timeouts": null
          },
          "sensitive_attributes": [],
          "private": "eyJlMmJmYjczMC1lY2FhLTExZTYtOGY4OC0zNDM2M2JjN2M0YzAiOnsiY3JlYXRlIjoyNzAwMDAwMDAwMDAwLCJkZWxldGUiOjI3MDAwMDAwMDAwMDAsInJlYWQiOjMwMDAwMDAwMDAwMCwidXBkYXRlIjoyNzAwMDAwMDAwMDAwfX0=",
          "dependencies": [
            "azurerm_resource_group.rg"
          ]
        }
      ]
    },
    {
      "mode": "managed",
      "type": "azurerm_subnet",
      "name": "subnet2",
      "provider": "provider[\"registry.terraform.io/hashicorp/azurerm\"]",
      "instances": [
        {
          "schema_version": 0,
          "attributes": {
            "address_prefixes": [
              "10.0.2.0/24"
            ],
            "delegation": [],
            "enforce_private_link_endpoint_network_policies": false,
            "enforce_private_link_service_network_policies": false,
            "id": "/subscriptions/b1fe317d-0a8e-4812-845a-c87864f076c5/resourceGroups/resource_group/providers/Microsoft.Network/virtualNetworks/vpc/subnets/internal",
            "name": "internal",
            "resource_group_name": "resource_group",
            "service_endpoint_policy_ids": [],
            "service_endpoints": [],
            "timeouts": null,
            "virtual_network_name": "vpc"
          },
          "sensitive_attributes": [],
          "private": "eyJlMmJmYjczMC1lY2FhLTExZTYtOGY4OC0zNDM2M2JjN2M0YzAiOnsiY3JlYXRlIjoxODAwMDAwMDAwMDAwLCJkZWxldGUiOjE4MDAwMDAwMDAwMDAsInJlYWQiOjMwMDAwMDAwMDAwMCwidXBkYXRlIjoxODAwMDAwMDAwMDAwfX0=",
          "dependencies": [
            "azurerm_resource_group.rg",
            "azurerm_virtual_network.vpc"
          ]
        }
      ]
    },
    {
      "mode": "managed",
      "type": "azurerm_subnet_network_security_group_association",
      "name": "association2",
      "provider": "provider[\"registry.terraform.io/hashicorp/azurerm\"]",
      "instances": [
        {
          "schema_version": 0,
          "attributes": {
            "id": "/subscriptions/b1fe317d-0a8e-4812-845a-c87864f076c5/resourceGroups/resource_group/providers/Microsoft.Network/virtualNetworks/vpc/subnets/internal",
            "network_security_group_id": "/subscriptions/b1fe317d-0a8e-4812-845a-c87864f076c5/resourceGroups/resource_group/providers/Microsoft.Network/networkSecurityGroups/sg-HTTP-SSH",
            "subnet_id": "/subscriptions/b1fe317d-0a8e-4812-845a-c87864f076c5/resourceGroups/resource_group/providers/Microsoft.Network/virtualNetworks/vpc/subnets/internal",
            "timeouts": null
          },
          "sensitive_attributes": [],
          "private": "eyJlMmJmYjczMC1lY2FhLTExZTYtOGY4OC0zNDM2M2JjN2M0YzAiOnsiY3JlYXRlIjoxODAwMDAwMDAwMDAwLCJkZWxldGUiOjE4MDAwMDAwMDAwMDAsInJlYWQiOjMwMDAwMDAwMDAwMCwidXBkYXRlIjoxODAwMDAwMDAwMDAwfX0=",
          "dependencies": [
            "azurerm_network_security_group.sg",
            "azurerm_resource_group.rg",
            "azurerm_subnet.subnet2",
            "azurerm_virtual_network.vpc"
          ]
        }
      ]
    },
    {
      "mode": "managed",
      "type": "azurerm_virtual_network",
      "name": "vpc",
      "provider": "provider[\"registry.terraform.io/hashicorp/azurerm\"]",
      "instances": [
        {
          "schema_version": 0,
          "attributes": {
            "address_space": [
              "10.0.0.0/16"
            ],
            "bgp_community": "",
            "ddos_protection_plan": [],
            "dns_servers": [],
            "edge_zone": "",
            "flow_timeout_in_minutes": 0,
            "guid": "b1db19cf-c44b-4cc9-9692-441587769ea7",
            "id": "/subscriptions/b1fe317d-0a8e-4812-845a-c87864f076c5/resourceGroups/resource_group/providers/Microsoft.Network/virtualNetworks/vpc",
            "location": "eastus",
            "name": "vpc",
            "resource_group_name": "resource_group",
            "subnet": [
              {
                "address_prefix": "10.0.2.0/24",
                "id": "/subscriptions/b1fe317d-0a8e-4812-845a-c87864f076c5/resourceGroups/resource_group/providers/Microsoft.Network/virtualNetworks/vpc/subnets/internal",
                "name": "internal",
                "security_group": "/subscriptions/b1fe317d-0a8e-4812-845a-c87864f076c5/resourceGroups/resource_group/providers/Microsoft.Network/networkSecurityGroups/sg-HTTP-SSH"
              }
            ],
            "tags": {
              "Name": "Main VPC"
            },
            "timeouts": null
          },
          "sensitive_attributes": [],
          "private": "eyJlMmJmYjczMC1lY2FhLTExZTYtOGY4OC0zNDM2M2JjN2M0YzAiOnsiY3JlYXRlIjoxODAwMDAwMDAwMDAwLCJkZWxldGUiOjE4MDAwMDAwMDAwMDAsInJlYWQiOjMwMDAwMDAwMDAwMCwidXBkYXRlIjoxODAwMDAwMDAwMDAwfX0=",
          "dependencies": [
            "azurerm_resource_group.rg"
          ]
        }
      ]
    }
  ],
  "check_results": []
}
