{
  "version": 4,
  "terraform_version": "1.3.2",
  "serial": 10,
  "lineage": "97b73ca5-b9a4-48dd-ef72-822cbf106397",
  "outputs": {},
  "resources": [
    {
      "mode": "managed",
      "type": "aws_instance",
      "name": "server2",
      "provider": "provider[\"registry.terraform.io/hashicorp/aws\"]",
      "instances": [
        {
          "index_key": 0,
          "schema_version": 1,
          "attributes": {
            "ami": "ami-08c40ec9ead489470",
            "arn": "arn:aws:ec2:us-east-1:971220658869:instance/i-0ed1d3dcad7c4c7cf",
            "associate_public_ip_address": true,
            "availability_zone": "us-east-1a",
            "capacity_reservation_specification": [
              {
                "capacity_reservation_preference": "open",
                "capacity_reservation_target": []
              }
            ],
            "cpu_core_count": 1,
            "cpu_threads_per_core": 1,
            "credit_specification": [
              {
                "cpu_credits": "standard"
              }
            ],
            "disable_api_stop": false,
            "disable_api_termination": false,
            "ebs_block_device": [],
            "ebs_optimized": false,
            "enclave_options": [
              {
                "enabled": false
              }
            ],
            "ephemeral_block_device": [],
            "get_password_data": false,
            "hibernation": false,
            "host_id": null,
            "host_resource_group_arn": null,
            "iam_instance_profile": "",
            "id": "i-0ed1d3dcad7c4c7cf",
            "instance_initiated_shutdown_behavior": "stop",
            "instance_state": "running",
            "instance_type": "t2.micro",
            "ipv6_address_count": 0,
            "ipv6_addresses": [],
            "key_name": "key",
            "launch_template": [],
            "maintenance_options": [
              {
                "auto_recovery": "default"
              }
            ],
            "metadata_options": [
              {
                "http_endpoint": "enabled",
                "http_put_response_hop_limit": 1,
                "http_tokens": "optional",
                "instance_metadata_tags": "disabled"
              }
            ],
            "monitoring": false,
            "network_interface": [],
            "outpost_arn": "",
            "password_data": "",
            "placement_group": "",
            "placement_partition_number": null,
            "primary_network_interface_id": "eni-0945eab882cbffeee",
            "private_dns": "ip-10-0-10-11.ec2.internal",
            "private_dns_name_options": [
              {
                "enable_resource_name_dns_a_record": false,
                "enable_resource_name_dns_aaaa_record": false,
                "hostname_type": "ip-name"
              }
            ],
            "private_ip": "10.0.10.11",
            "public_dns": "ec2-54-87-202-116.compute-1.amazonaws.com",
            "public_ip": "54.87.202.116",
            "root_block_device": [
              {
                "delete_on_termination": true,
                "device_name": "/dev/sda1",
                "encrypted": false,
                "iops": 100,
                "kms_key_id": "",
                "tags": {},
                "throughput": 0,
                "volume_id": "vol-0bacc5da865fb6613",
                "volume_size": 8,
                "volume_type": "gp2"
              }
            ],
            "secondary_private_ips": [],
            "security_groups": [],
            "source_dest_check": true,
            "subnet_id": "subnet-052b1e10958160ee8",
            "tags": {
              "Name": "server",
              "Owner": "terraform"
            },
            "tags_all": {
              "Name": "server",
              "Owner": "terraform"
            },
            "tenancy": "default",
            "timeouts": null,
            "user_data": "2e279cd5e153cbbadf79e803e6f8d344b0a32716",
            "user_data_base64": null,
            "user_data_replace_on_change": false,
            "volume_tags": null,
            "vpc_security_group_ids": [
              "sg-0f0ec65b9331772f2",
              "sg-0ff39daa92bee0c0b"
            ]
          },
          "sensitive_attributes": [],
          "private": "eyJlMmJmYjczMC1lY2FhLTExZTYtOGY4OC0zNDM2M2JjN2M0YzAiOnsiY3JlYXRlIjo2MDAwMDAwMDAwMDAsImRlbGV0ZSI6MTIwMDAwMDAwMDAwMCwidXBkYXRlIjo2MDAwMDAwMDAwMDB9LCJzY2hlbWFfdmVyc2lvbiI6IjEifQ==",
          "dependencies": [
            "aws_key_pair.key",
            "aws_security_group.sg-1",
            "aws_security_group.sg-2",
            "aws_subnet.subnet",
            "aws_vpc.main"
          ]
        }
      ]
    },
    {
      "mode": "managed",
      "type": "aws_internet_gateway",
      "name": "gw",
      "provider": "provider[\"registry.terraform.io/hashicorp/aws\"]",
      "instances": [
        {
          "schema_version": 0,
          "attributes": {
            "arn": "arn:aws:ec2:us-east-1:971220658869:internet-gateway/igw-040bb87d6228cc77c",
            "id": "igw-040bb87d6228cc77c",
            "owner_id": "971220658869",
            "tags": {
              "Name": "Gateway Main"
            },
            "tags_all": {
              "Name": "Gateway Main"
            },
            "timeouts": null,
            "vpc_id": "vpc-00ba84ef4bc8d1453"
          },
          "sensitive_attributes": [],
          "private": "eyJlMmJmYjczMC1lY2FhLTExZTYtOGY4OC0zNDM2M2JjN2M0YzAiOnsiY3JlYXRlIjoxMjAwMDAwMDAwMDAwLCJkZWxldGUiOjEyMDAwMDAwMDAwMDAsInVwZGF0ZSI6MTIwMDAwMDAwMDAwMH19",
          "dependencies": [
            "aws_vpc.main"
          ]
        }
      ]
    },
    {
      "mode": "managed",
      "type": "aws_key_pair",
      "name": "key",
      "provider": "provider[\"registry.terraform.io/hashicorp/aws\"]",
      "instances": [
        {
          "schema_version": 1,
          "attributes": {
            "arn": "arn:aws:ec2:us-east-1:971220658869:key-pair/key",
            "fingerprint": "be:80:72:2f:86:e1:e1:48:90:21:50:a6:4c:ce:78:e4",
            "id": "key",
            "key_name": "key",
            "key_name_prefix": "",
            "key_pair_id": "key-0a118ceea627cae05",
            "key_type": "rsa",
            "public_key": "ssh-rsa AAAAB3NzaC1yc2EAAAADAQABAAACAQC8x9pv+rvGTEGVOzDNSquTLyol9bsoll+tPXmApyM7HLIVVRRRfIKFZRS0YE7dDNZVsIq8qU5JADySeAtM+AEfIgK/Zph5sOMnq9Fojg6EWIHMMPfUWObZ89tSZ8r1Dzo2YjoPQsxfX4w1lvLtIhAUQzev9+YhguYI3dQsYql530hr+wQU2Mx+tq8Qu8RVKsjnwwesNQxTkZocX45jVWH2cYRUjtGpa73FmFrqkmdFc3kinGuIAolKvAYU+Lcm2XYhYzVBsbRoX97pc7gp/HSugryuwZe+Q65FZMHzgDPAK5ctw9bGTLj/f84kdP2zo4Op3Hm2Cj7z0wvgdyAgsa0RWnSWG/NLvK4TJ0+BaYgymgFa/Z4sEQQIDvLp/ACWB9cz6lHcWc3NNI+tY9XUbVrP0g5DMaDDE8M55l2XP5g8v87OawWirnu+0voiYuZvYVqChY+2KcJ0RDuyqdU0DCE5nwiRnlTAOX15DKc/AoNsJtEEa5oGQu67sIDAgspduUtWDkIpwrh3/tB8QHLcV0DAfc4MNChy6Abeu2EVFRdVayB3/0efrRegP536zqoLb23lpfX+tJfwiXBZGMuOMqk82plgZlPgYsKcsYaUivd5xZiSxqNFMQnbpm6Zs1vroihxPH7qPda+9sl5JSLwQBovyADs07FdYzLbbxr6+WPkxw==",
            "tags": null,
            "tags_all": {}
          },
          "sensitive_attributes": [],
          "private": "eyJzY2hlbWFfdmVyc2lvbiI6IjEifQ=="
        }
      ]
    },
    {
      "mode": "managed",
      "type": "aws_route_table",
      "name": "r",
      "provider": "provider[\"registry.terraform.io/hashicorp/aws\"]",
      "instances": [
        {
          "schema_version": 0,
          "attributes": {
            "arn": "arn:aws:ec2:us-east-1:971220658869:route-table/rtb-0aaabe6ff86e24a96",
            "id": "rtb-0aaabe6ff86e24a96",
            "owner_id": "971220658869",
            "propagating_vgws": [],
            "route": [
              {
                "carrier_gateway_id": "",
                "cidr_block": "0.0.0.0/0",
                "core_network_arn": "",
                "destination_prefix_list_id": "",
                "egress_only_gateway_id": "",
                "gateway_id": "igw-040bb87d6228cc77c",
                "instance_id": "",
                "ipv6_cidr_block": "",
                "local_gateway_id": "",
                "nat_gateway_id": "",
                "network_interface_id": "",
                "transit_gateway_id": "",
                "vpc_endpoint_id": "",
                "vpc_peering_connection_id": ""
              }
            ],
            "tags": null,
            "tags_all": {},
            "timeouts": null,
            "vpc_id": "vpc-00ba84ef4bc8d1453"
          },
          "sensitive_attributes": [],
          "private": "eyJlMmJmYjczMC1lY2FhLTExZTYtOGY4OC0zNDM2M2JjN2M0YzAiOnsiY3JlYXRlIjozMDAwMDAwMDAwMDAsImRlbGV0ZSI6MzAwMDAwMDAwMDAwLCJ1cGRhdGUiOjEyMDAwMDAwMDAwMH19",
          "dependencies": [
            "aws_internet_gateway.gw",
            "aws_vpc.main"
          ]
        }
      ]
    },
    {
      "mode": "managed",
      "type": "aws_route_table_association",
      "name": "table_subnet",
      "provider": "provider[\"registry.terraform.io/hashicorp/aws\"]",
      "instances": [
        {
          "schema_version": 0,
          "attributes": {
            "gateway_id": "",
            "id": "rtbassoc-0cac6650e59269e96",
            "route_table_id": "rtb-0aaabe6ff86e24a96",
            "subnet_id": "subnet-052b1e10958160ee8"
          },
          "sensitive_attributes": [],
          "private": "bnVsbA==",
          "dependencies": [
            "aws_internet_gateway.gw",
            "aws_route_table.r",
            "aws_subnet.subnet",
            "aws_vpc.main"
          ]
        }
      ]
    },
    {
      "mode": "managed",
      "type": "aws_security_group",
      "name": "sg-1",
      "provider": "provider[\"registry.terraform.io/hashicorp/aws\"]",
      "instances": [
        {
          "schema_version": 1,
          "attributes": {
            "arn": "arn:aws:ec2:us-east-1:971220658869:security-group/sg-0f0ec65b9331772f2",
            "description": "Permitir ping y SSH",
            "egress": [
              {
                "cidr_blocks": [
                  "0.0.0.0/0"
                ],
                "description": "",
                "from_port": 0,
                "ipv6_cidr_blocks": [],
                "prefix_list_ids": [],
                "protocol": "-1",
                "security_groups": [],
                "self": false,
                "to_port": 0
              }
            ],
            "id": "sg-0f0ec65b9331772f2",
            "ingress": [
              {
                "cidr_blocks": [
                  "0.0.0.0/0"
                ],
                "description": "",
                "from_port": -1,
                "ipv6_cidr_blocks": [],
                "prefix_list_ids": [],
                "protocol": "icmp",
                "security_groups": [],
                "self": false,
                "to_port": -1
              },
              {
                "cidr_blocks": [
                  "0.0.0.0/0"
                ],
                "description": "",
                "from_port": 22,
                "ipv6_cidr_blocks": [],
                "prefix_list_ids": [],
                "protocol": "tcp",
                "security_groups": [],
                "self": false,
                "to_port": 22
              }
            ],
            "name": "sg_ping_ssh",
            "name_prefix": "",
            "owner_id": "971220658869",
            "revoke_rules_on_delete": false,
            "tags": {
              "Name": "Ping y SSH"
            },
            "tags_all": {
              "Name": "Ping y SSH"
            },
            "timeouts": null,
            "vpc_id": "vpc-00ba84ef4bc8d1453"
          },
          "sensitive_attributes": [],
          "private": "eyJlMmJmYjczMC1lY2FhLTExZTYtOGY4OC0zNDM2M2JjN2M0YzAiOnsiY3JlYXRlIjo2MDAwMDAwMDAwMDAsImRlbGV0ZSI6OTAwMDAwMDAwMDAwfSwic2NoZW1hX3ZlcnNpb24iOiIxIn0=",
          "dependencies": [
            "aws_vpc.main"
          ]
        }
      ]
    },
    {
      "mode": "managed",
      "type": "aws_security_group",
      "name": "sg-2",
      "provider": "provider[\"registry.terraform.io/hashicorp/aws\"]",
      "instances": [
        {
          "schema_version": 1,
          "attributes": {
            "arn": "arn:aws:ec2:us-east-1:971220658869:security-group/sg-0ff39daa92bee0c0b",
            "description": "Permitir HTTP y HTTPS",
            "egress": [],
            "id": "sg-0ff39daa92bee0c0b",
            "ingress": [
              {
                "cidr_blocks": [
                  "0.0.0.0/0"
                ],
                "description": "",
                "from_port": 443,
                "ipv6_cidr_blocks": [],
                "prefix_list_ids": [],
                "protocol": "tcp",
                "security_groups": [],
                "self": false,
                "to_port": 443
              },
              {
                "cidr_blocks": [
                  "0.0.0.0/0"
                ],
                "description": "",
                "from_port": 80,
                "ipv6_cidr_blocks": [],
                "prefix_list_ids": [],
                "protocol": "tcp",
                "security_groups": [],
                "self": false,
                "to_port": 80
              }
            ],
            "name": "sg_http",
            "name_prefix": "",
            "owner_id": "971220658869",
            "revoke_rules_on_delete": false,
            "tags": {
              "Name": "HTTP y HTTPS"
            },
            "tags_all": {
              "Name": "HTTP y HTTPS"
            },
            "timeouts": null,
            "vpc_id": "vpc-00ba84ef4bc8d1453"
          },
          "sensitive_attributes": [],
          "private": "eyJlMmJmYjczMC1lY2FhLTExZTYtOGY4OC0zNDM2M2JjN2M0YzAiOnsiY3JlYXRlIjo2MDAwMDAwMDAwMDAsImRlbGV0ZSI6OTAwMDAwMDAwMDAwfSwic2NoZW1hX3ZlcnNpb24iOiIxIn0=",
          "dependencies": [
            "aws_vpc.main"
          ]
        }
      ]
    },
    {
      "mode": "managed",
      "type": "aws_subnet",
      "name": "subnet",
      "provider": "provider[\"registry.terraform.io/hashicorp/aws\"]",
      "instances": [
        {
          "schema_version": 1,
          "attributes": {
            "arn": "arn:aws:ec2:us-east-1:971220658869:subnet/subnet-052b1e10958160ee8",
            "assign_ipv6_address_on_creation": false,
            "availability_zone": "us-east-1a",
            "availability_zone_id": "use1-az4",
            "cidr_block": "10.0.10.0/24",
            "customer_owned_ipv4_pool": "",
            "enable_dns64": false,
            "enable_resource_name_dns_a_record_on_launch": false,
            "enable_resource_name_dns_aaaa_record_on_launch": false,
            "id": "subnet-052b1e10958160ee8",
            "ipv6_cidr_block": "",
            "ipv6_cidr_block_association_id": "",
            "ipv6_native": false,
            "map_customer_owned_ip_on_launch": false,
            "map_public_ip_on_launch": true,
            "outpost_arn": "",
            "owner_id": "971220658869",
            "private_dns_hostname_type_on_launch": "ip-name",
            "tags": {
              "Name": "Subnet 1 - us-east-1a"
            },
            "tags_all": {
              "Name": "Subnet 1 - us-east-1a"
            },
            "timeouts": null,
            "vpc_id": "vpc-00ba84ef4bc8d1453"
          },
          "sensitive_attributes": [],
          "private": "eyJlMmJmYjczMC1lY2FhLTExZTYtOGY4OC0zNDM2M2JjN2M0YzAiOnsiY3JlYXRlIjo2MDAwMDAwMDAwMDAsImRlbGV0ZSI6MTIwMDAwMDAwMDAwMH0sInNjaGVtYV92ZXJzaW9uIjoiMSJ9",
          "dependencies": [
            "aws_vpc.main"
          ]
        }
      ]
    },
    {
      "mode": "managed",
      "type": "aws_vpc",
      "name": "main",
      "provider": "provider[\"registry.terraform.io/hashicorp/aws\"]",
      "instances": [
        {
          "schema_version": 1,
          "attributes": {
            "arn": "arn:aws:ec2:us-east-1:971220658869:vpc/vpc-00ba84ef4bc8d1453",
            "assign_generated_ipv6_cidr_block": false,
            "cidr_block": "10.0.0.0/16",
            "default_network_acl_id": "acl-02bb5789a9d91571d",
            "default_route_table_id": "rtb-02f8f5a5db17b60cb",
            "default_security_group_id": "sg-08dee807ce796349d",
            "dhcp_options_id": "dopt-049b1d9db7e0d1879",
            "enable_classiclink": false,
            "enable_classiclink_dns_support": false,
            "enable_dns_hostnames": true,
            "enable_dns_support": true,
            "enable_network_address_usage_metrics": false,
            "id": "vpc-00ba84ef4bc8d1453",
            "instance_tenancy": "default",
            "ipv4_ipam_pool_id": null,
            "ipv4_netmask_length": null,
            "ipv6_association_id": "",
            "ipv6_cidr_block": "",
            "ipv6_cidr_block_network_border_group": "",
            "ipv6_ipam_pool_id": "",
            "ipv6_netmask_length": 0,
            "main_route_table_id": "rtb-02f8f5a5db17b60cb",
            "owner_id": "971220658869",
            "tags": {
              "Name": "Main VPC"
            },
            "tags_all": {
              "Name": "Main VPC"
            }
          },
          "sensitive_attributes": [],
          "private": "eyJzY2hlbWFfdmVyc2lvbiI6IjEifQ=="
        }
      ]
    }
  ],
  "check_results": []
}
